
Microsoft Visual Studio Solution File, Format Version 12.00
# Visual Studio Version 17
VisualStudioVersion = 17.11.35327.3
MinimumVisualStudioVersion = 10.0.40219.1
Project("{FAE04EC0-301F-11D3-BF4B-00C04F79EFBC}") = "Romanenko_FSE_lab9", "Romanenko_FSE_lab9\Romanenko_FSE_lab9.csproj", "{42CEBF1B-5C0E-4CDD-90F7-8B9CEEF6EBF6}"
EndProject
Global
	GlobalSection(SolutionConfigurationPlatforms) = preSolution
		Debug|Any CPU = Debug|Any CPU
		Release|Any CPU = Release|Any CPU
	EndGlobalSection
	GlobalSection(ProjectConfigurationPlatforms) = postSolution
		{42CEBF1B-5C0E-4CDD-90F7-8B9CEEF6EBF6}.Debug|Any CPU.ActiveCfg = Debug|Any CPU
		{42CEBF1B-5C0E-4CDD-90F7-8B9CEEF6EBF6}.Debug|Any CPU.Build.0 = Debug|Any CPU
		{42CEBF1B-5C0E-4CDD-90F7-8B9CEEF6EBF6}.Release|Any CPU.ActiveCfg = Release|Any CPU
		{42CEBF1B-5C0E-4CDD-90F7-8B9CEEF6EBF6}.Release|Any CPU.Build.0 = Release|Any CPU
	EndGlobalSection
	GlobalSection(SolutionProperties) = preSolution
		HideSolutionNode = FALSE
	EndGlobalSection
	GlobalSection(ExtensibilityGlobals) = postSolution
		SolutionGuid = {A02F2EC5-C9DB-43D9-B84E-8FD456E6FA06}
	EndGlobalSection
EndGlobal
